
Microsoft Visual Studio Solution File, Format Version 12.00
Project("{FAE04EC0-301F-11D3-BF4B-00C04F79EFBC}") = "Michal.Utils.Land", "Michal.Utils.Land\Michal.Utils.Land.csproj", "{D7A8391D-643D-4913-963A-BB167BF7BD21}"
EndProject
Project("{FAE04EC0-301F-11D3-BF4B-00C04F79EFBC}") = "Michal.Utils.Land.Tests", "Michal.Utils.Land.Tests\Michal.Utils.Land.Tests.csproj", "{6BA7B5BD-F161-4693-B8E3-A19C324E3E83}"
EndProject
Global
	GlobalSection(SolutionConfigurationPlatforms) = preSolution
		Debug|Any CPU = Debug|Any CPU
		Release|Any CPU = Release|Any CPU
	EndGlobalSection
	GlobalSection(ProjectConfigurationPlatforms) = postSolution
		{D7A8391D-643D-4913-963A-BB167BF7BD21}.Debug|Any CPU.ActiveCfg = Debug|Any CPU
		{D7A8391D-643D-4913-963A-BB167BF7BD21}.Debug|Any CPU.Build.0 = Debug|Any CPU
		{D7A8391D-643D-4913-963A-BB167BF7BD21}.Release|Any CPU.ActiveCfg = Release|Any CPU
		{D7A8391D-643D-4913-963A-BB167BF7BD21}.Release|Any CPU.Build.0 = Release|Any CPU
		{6BA7B5BD-F161-4693-B8E3-A19C324E3E83}.Debug|Any CPU.ActiveCfg = Debug|Any CPU
		{6BA7B5BD-F161-4693-B8E3-A19C324E3E83}.Debug|Any CPU.Build.0 = Debug|Any CPU
		{6BA7B5BD-F161-4693-B8E3-A19C324E3E83}.Release|Any CPU.ActiveCfg = Release|Any CPU
		{6BA7B5BD-F161-4693-B8E3-A19C324E3E83}.Release|Any CPU.Build.0 = Release|Any CPU
	EndGlobalSection
EndGlobal
